
Microsoft Visual Studio Solution File, Format Version 12.00
# Visual Studio Version 17
VisualStudioVersion = 17.8.34330.188
MinimumVisualStudioVersion = 10.0.40219.1
Project("{FAE04EC0-301F-11D3-BF4B-00C04F79EFBC}") = "CursoWindowsForms", "CursoWindowsForms\CursoWindowsForms.csproj", "{95CBC257-D726-444A-92D1-0D7F51E1F6D9}"
EndProject
Global
	GlobalSection(SolutionConfigurationPlatforms) = preSolution
		Debug|Any CPU = Debug|Any CPU
		Release|Any CPU = Release|Any CPU
	EndGlobalSection
	GlobalSection(ProjectConfigurationPlatforms) = postSolution
		{95CBC257-D726-444A-92D1-0D7F51E1F6D9}.Debug|Any CPU.ActiveCfg = Debug|Any CPU
		{95CBC257-D726-444A-92D1-0D7F51E1F6D9}.Debug|Any CPU.Build.0 = Debug|Any CPU
		{95CBC257-D726-444A-92D1-0D7F51E1F6D9}.Release|Any CPU.ActiveCfg = Release|Any CPU
		{95CBC257-D726-444A-92D1-0D7F51E1F6D9}.Release|Any CPU.Build.0 = Release|Any CPU
	EndGlobalSection
	GlobalSection(SolutionProperties) = preSolution
		HideSolutionNode = FALSE
	EndGlobalSection
	GlobalSection(ExtensibilityGlobals) = postSolution
		SolutionGuid = {C7DCC1FB-B443-47AC-8B30-1490B6A716CF}
	EndGlobalSection
EndGlobal
