
Microsoft Visual Studio Solution File, Format Version 12.00
# Visual Studio Version 17
VisualStudioVersion = 17.9.34622.214
MinimumVisualStudioVersion = 10.0.40219.1
Project("{FAE04EC0-301F-11D3-BF4B-00C04F79EFBC}") = "ClickBonus-API", "ClickBonus-API\ClickBonus-API.csproj", "{EBDA2DB2-7CD9-46A3-94FC-DA73C1953420}"
EndProject
Project("{2150E333-8FDC-42A3-9474-1A3956D46DE8}") = "src", "src", "{39CE1882-33BB-4C36-A2A7-E6E40801BCF7}"
EndProject
Global
	GlobalSection(SolutionConfigurationPlatforms) = preSolution
		Debug|Any CPU = Debug|Any CPU
		Release|Any CPU = Release|Any CPU
	EndGlobalSection
	GlobalSection(ProjectConfigurationPlatforms) = postSolution
		{EBDA2DB2-7CD9-46A3-94FC-DA73C1953420}.Debug|Any CPU.ActiveCfg = Debug|Any CPU
		{EBDA2DB2-7CD9-46A3-94FC-DA73C1953420}.Debug|Any CPU.Build.0 = Debug|Any CPU
		{EBDA2DB2-7CD9-46A3-94FC-DA73C1953420}.Release|Any CPU.ActiveCfg = Release|Any CPU
		{EBDA2DB2-7CD9-46A3-94FC-DA73C1953420}.Release|Any CPU.Build.0 = Release|Any CPU
	EndGlobalSection
	GlobalSection(SolutionProperties) = preSolution
		HideSolutionNode = FALSE
	EndGlobalSection
	GlobalSection(NestedProjects) = preSolution
		{EBDA2DB2-7CD9-46A3-94FC-DA73C1953420} = {39CE1882-33BB-4C36-A2A7-E6E40801BCF7}
	EndGlobalSection
	GlobalSection(ExtensibilityGlobals) = postSolution
		SolutionGuid = {440E89CD-C041-42B5-88DD-4D01B83FDF7E}
	EndGlobalSection
EndGlobal
