
Microsoft Visual Studio Solution File, Format Version 12.00
# Visual Studio Version 17
VisualStudioVersion = 17.8.34316.72
MinimumVisualStudioVersion = 10.0.40219.1
Project("{9A19103F-16F7-4668-BE54-9A1E7A4F7556}") = "ByteBank", "ByteBank\ByteBank.csproj", "{A739A8A7-4F10-4EBB-8C44-6EB60B2844E7}"
EndProject
Project("{FAE04EC0-301F-11D3-BF4B-00C04F79EFBC}") = "ByteBank_Modelos", "ByteBank_Modelos\ByteBank_Modelos.csproj", "{77371C7C-5904-4A43-9B2D-3DB9805277C3}"
EndProject
Global
	GlobalSection(SolutionConfigurationPlatforms) = preSolution
		Debug|Any CPU = Debug|Any CPU
		Release|Any CPU = Release|Any CPU
	EndGlobalSection
	GlobalSection(ProjectConfigurationPlatforms) = postSolution
		{A739A8A7-4F10-4EBB-8C44-6EB60B2844E7}.Debug|Any CPU.ActiveCfg = Debug|Any CPU
		{A739A8A7-4F10-4EBB-8C44-6EB60B2844E7}.Debug|Any CPU.Build.0 = Debug|Any CPU
		{A739A8A7-4F10-4EBB-8C44-6EB60B2844E7}.Release|Any CPU.ActiveCfg = Release|Any CPU
		{A739A8A7-4F10-4EBB-8C44-6EB60B2844E7}.Release|Any CPU.Build.0 = Release|Any CPU
		{77371C7C-5904-4A43-9B2D-3DB9805277C3}.Debug|Any CPU.ActiveCfg = Debug|Any CPU
		{77371C7C-5904-4A43-9B2D-3DB9805277C3}.Debug|Any CPU.Build.0 = Debug|Any CPU
		{77371C7C-5904-4A43-9B2D-3DB9805277C3}.Release|Any CPU.ActiveCfg = Release|Any CPU
		{77371C7C-5904-4A43-9B2D-3DB9805277C3}.Release|Any CPU.Build.0 = Release|Any CPU
	EndGlobalSection
	GlobalSection(SolutionProperties) = preSolution
		HideSolutionNode = FALSE
	EndGlobalSection
	GlobalSection(ExtensibilityGlobals) = postSolution
		SolutionGuid = {1128A322-EE49-4644-ACD1-E3197B3BB9E6}
	EndGlobalSection
EndGlobal
